
Microsoft Visual Studio Solution File, Format Version 12.00
# Visual Studio Version 16
VisualStudioVersion = 16.0.31729.503
MinimumVisualStudioVersion = 10.0.40219.1
Project("{FAE04EC0-301F-11D3-BF4B-00C04F79EFBC}") = "ApplicationLicense", "ApplicationLicense\ApplicationLicense.csproj", "{4F0940F9-202E-47B3-932D-B69094DAEC8D}"
EndProject
Global
	GlobalSection(SolutionConfigurationPlatforms) = preSolution
		Debug|Any CPU = Debug|Any CPU
		Release|Any CPU = Release|Any CPU
	EndGlobalSection
	GlobalSection(ProjectConfigurationPlatforms) = postSolution
		{4F0940F9-202E-47B3-932D-B69094DAEC8D}.Debug|Any CPU.ActiveCfg = Debug|Any CPU
		{4F0940F9-202E-47B3-932D-B69094DAEC8D}.Debug|Any CPU.Build.0 = Debug|Any CPU
		{4F0940F9-202E-47B3-932D-B69094DAEC8D}.Release|Any CPU.ActiveCfg = Release|Any CPU
		{4F0940F9-202E-47B3-932D-B69094DAEC8D}.Release|Any CPU.Build.0 = Release|Any CPU
	EndGlobalSection
	GlobalSection(SolutionProperties) = preSolution
		HideSolutionNode = FALSE
	EndGlobalSection
	GlobalSection(ExtensibilityGlobals) = postSolution
		SolutionGuid = {40128820-8CC6-4090-800E-EAB0309AF672}
	EndGlobalSection
EndGlobal
